
Microsoft Visual Studio Solution File, Format Version 12.00
# Visual Studio Version 17
VisualStudioVersion = 17.0.31912.275
MinimumVisualStudioVersion = 10.0.40219.1
Project("{9A19103F-16F7-4668-BE54-9A1E7A4F7556}") = "EditTK", "EditTK\EditTK.csproj", "{C9E08E8A-42CE-4ED6-BE5D-0F1E9252A92D}"
EndProject
Project("{FAE04EC0-301F-11D3-BF4B-00C04F79EFBC}") = "EditTK.Testing", "EditTK.Testing\EditTK.Testing.csproj", "{14461BE2-0928-40CE-8726-D31BEE1B84AD}"
EndProject
Global
	GlobalSection(SolutionConfigurationPlatforms) = preSolution
		Debug|Any CPU = Debug|Any CPU
		Release|Any CPU = Release|Any CPU
	EndGlobalSection
	GlobalSection(ProjectConfigurationPlatforms) = postSolution
		{C9E08E8A-42CE-4ED6-BE5D-0F1E9252A92D}.Debug|Any CPU.ActiveCfg = Debug|Any CPU
		{C9E08E8A-42CE-4ED6-BE5D-0F1E9252A92D}.Debug|Any CPU.Build.0 = Debug|Any CPU
		{C9E08E8A-42CE-4ED6-BE5D-0F1E9252A92D}.Release|Any CPU.ActiveCfg = Release|Any CPU
		{C9E08E8A-42CE-4ED6-BE5D-0F1E9252A92D}.Release|Any CPU.Build.0 = Release|Any CPU
		{14461BE2-0928-40CE-8726-D31BEE1B84AD}.Debug|Any CPU.ActiveCfg = Debug|Any CPU
		{14461BE2-0928-40CE-8726-D31BEE1B84AD}.Debug|Any CPU.Build.0 = Debug|Any CPU
		{14461BE2-0928-40CE-8726-D31BEE1B84AD}.Release|Any CPU.ActiveCfg = Release|Any CPU
		{14461BE2-0928-40CE-8726-D31BEE1B84AD}.Release|Any CPU.Build.0 = Release|Any CPU
	EndGlobalSection
	GlobalSection(SolutionProperties) = preSolution
		HideSolutionNode = FALSE
	EndGlobalSection
	GlobalSection(ExtensibilityGlobals) = postSolution
		SolutionGuid = {229CF7FD-BCC3-4B83-ACB5-535754391BD6}
	EndGlobalSection
EndGlobal
